
Microsoft Visual Studio Solution File, Format Version 12.00
# Visual Studio Version 17
VisualStudioVersion = 17.8.34525.116
MinimumVisualStudioVersion = 10.0.40219.1
Project("{9A19103F-16F7-4668-BE54-9A1E7A4F7556}") = "Condor.Generator.Utils", "Condor.Generator.Utils\Condor.Generator.Utils.csproj", "{8023EDA8-923F-4E35-B96D-D092776618EB}"
EndProject
Project("{9A19103F-16F7-4668-BE54-9A1E7A4F7556}") = "Condor.Visitor.Generator.Abstractions", "Condor.Visitor.Generator.Abstractions\Condor.Visitor.Generator.Abstractions.csproj", "{DFDA3F64-25AB-4255-AF18-7F348F5FE460}"
EndProject
Project("{9A19103F-16F7-4668-BE54-9A1E7A4F7556}") = "Condor.Visitor.Generator", "Condor.Visitor.Generator\Condor.Visitor.Generator.csproj", "{2E5DE8B9-BF77-4540-8570-F2ED36316657}"
EndProject
Project("{9A19103F-16F7-4668-BE54-9A1E7A4F7556}") = "Condor.Contracts.Generator.Abstractions", "Condor.Contracts.Generator.Abstractions\Condor.Contracts.Generator.Abstractions.csproj", "{0B6439FC-A434-47D1-83AC-986BBE9E489F}"
EndProject
Project("{9A19103F-16F7-4668-BE54-9A1E7A4F7556}") = "Condor.Contracts.Generator", "Condor.Contracts.Generator\Condor.Contracts.Generator.csproj", "{67519EF2-FCB6-41B6-B008-75C746E08FEC}"
EndProject
Project("{9A19103F-16F7-4668-BE54-9A1E7A4F7556}") = "Condor.Templated.Generator.Abstractions", "Condor.Templated.Generator.Abstractions\Condor.Templated.Generator.Abstractions.csproj", "{4E28D44F-FE13-4321-900D-6CF9D7174120}"
EndProject
Project("{9A19103F-16F7-4668-BE54-9A1E7A4F7556}") = "Condor.Templated.Generator", "Condor.Templated.Generator\Condor.Templated.Generator.csproj", "{C46F0388-86B6-455C-A679-CD4DE19BABCC}"
EndProject
Project("{9A19103F-16F7-4668-BE54-9A1E7A4F7556}") = "Condor.With.Generator", "Condor.With.Generator\Condor.With.Generator.csproj", "{22501C7F-684F-449F-A350-B1478811A283}"
EndProject
Project("{9A19103F-16F7-4668-BE54-9A1E7A4F7556}") = "Condor.With.Generator.Abstractions", "Condor.With.Generator.Abstractions\Condor.With.Generator.Abstractions.csproj", "{3F4A1D13-524B-403C-9B58-6FC96371E33A}"
EndProject
Project("{2150E333-8FDC-42A3-9474-1A3956D46DE8}") = "Tests", "Tests", "{6DFC1FDE-435C-4DC6-AD4F-163B0FBB1CB2}"
EndProject
Project("{FAE04EC0-301F-11D3-BF4B-00C04F79EFBC}") = "TestProject1", "TestProject1\TestProject1.csproj", "{3463B983-5787-46B2-A029-76C841026E03}"
EndProject
Global
	GlobalSection(SolutionConfigurationPlatforms) = preSolution
		Debug|Any CPU = Debug|Any CPU
		Release|Any CPU = Release|Any CPU
	EndGlobalSection
	GlobalSection(ProjectConfigurationPlatforms) = postSolution
		{8023EDA8-923F-4E35-B96D-D092776618EB}.Debug|Any CPU.ActiveCfg = Debug|Any CPU
		{8023EDA8-923F-4E35-B96D-D092776618EB}.Debug|Any CPU.Build.0 = Debug|Any CPU
		{8023EDA8-923F-4E35-B96D-D092776618EB}.Release|Any CPU.ActiveCfg = Release|Any CPU
		{8023EDA8-923F-4E35-B96D-D092776618EB}.Release|Any CPU.Build.0 = Release|Any CPU
		{DFDA3F64-25AB-4255-AF18-7F348F5FE460}.Debug|Any CPU.ActiveCfg = Debug|Any CPU
		{DFDA3F64-25AB-4255-AF18-7F348F5FE460}.Debug|Any CPU.Build.0 = Debug|Any CPU
		{DFDA3F64-25AB-4255-AF18-7F348F5FE460}.Release|Any CPU.ActiveCfg = Release|Any CPU
		{DFDA3F64-25AB-4255-AF18-7F348F5FE460}.Release|Any CPU.Build.0 = Release|Any CPU
		{2E5DE8B9-BF77-4540-8570-F2ED36316657}.Debug|Any CPU.ActiveCfg = Debug|Any CPU
		{2E5DE8B9-BF77-4540-8570-F2ED36316657}.Debug|Any CPU.Build.0 = Debug|Any CPU
		{2E5DE8B9-BF77-4540-8570-F2ED36316657}.Release|Any CPU.ActiveCfg = Release|Any CPU
		{2E5DE8B9-BF77-4540-8570-F2ED36316657}.Release|Any CPU.Build.0 = Release|Any CPU
		{0B6439FC-A434-47D1-83AC-986BBE9E489F}.Debug|Any CPU.ActiveCfg = Debug|Any CPU
		{0B6439FC-A434-47D1-83AC-986BBE9E489F}.Debug|Any CPU.Build.0 = Debug|Any CPU
		{0B6439FC-A434-47D1-83AC-986BBE9E489F}.Release|Any CPU.ActiveCfg = Release|Any CPU
		{0B6439FC-A434-47D1-83AC-986BBE9E489F}.Release|Any CPU.Build.0 = Release|Any CPU
		{67519EF2-FCB6-41B6-B008-75C746E08FEC}.Debug|Any CPU.ActiveCfg = Debug|Any CPU
		{67519EF2-FCB6-41B6-B008-75C746E08FEC}.Debug|Any CPU.Build.0 = Debug|Any CPU
		{67519EF2-FCB6-41B6-B008-75C746E08FEC}.Release|Any CPU.ActiveCfg = Release|Any CPU
		{67519EF2-FCB6-41B6-B008-75C746E08FEC}.Release|Any CPU.Build.0 = Release|Any CPU
		{4E28D44F-FE13-4321-900D-6CF9D7174120}.Debug|Any CPU.ActiveCfg = Debug|Any CPU
		{4E28D44F-FE13-4321-900D-6CF9D7174120}.Debug|Any CPU.Build.0 = Debug|Any CPU
		{4E28D44F-FE13-4321-900D-6CF9D7174120}.Release|Any CPU.ActiveCfg = Release|Any CPU
		{4E28D44F-FE13-4321-900D-6CF9D7174120}.Release|Any CPU.Build.0 = Release|Any CPU
		{C46F0388-86B6-455C-A679-CD4DE19BABCC}.Debug|Any CPU.ActiveCfg = Debug|Any CPU
		{C46F0388-86B6-455C-A679-CD4DE19BABCC}.Debug|Any CPU.Build.0 = Debug|Any CPU
		{C46F0388-86B6-455C-A679-CD4DE19BABCC}.Release|Any CPU.ActiveCfg = Release|Any CPU
		{C46F0388-86B6-455C-A679-CD4DE19BABCC}.Release|Any CPU.Build.0 = Release|Any CPU
		{22501C7F-684F-449F-A350-B1478811A283}.Debug|Any CPU.ActiveCfg = Debug|Any CPU
		{22501C7F-684F-449F-A350-B1478811A283}.Debug|Any CPU.Build.0 = Debug|Any CPU
		{22501C7F-684F-449F-A350-B1478811A283}.Release|Any CPU.ActiveCfg = Release|Any CPU
		{22501C7F-684F-449F-A350-B1478811A283}.Release|Any CPU.Build.0 = Release|Any CPU
		{3F4A1D13-524B-403C-9B58-6FC96371E33A}.Debug|Any CPU.ActiveCfg = Debug|Any CPU
		{3F4A1D13-524B-403C-9B58-6FC96371E33A}.Debug|Any CPU.Build.0 = Debug|Any CPU
		{3F4A1D13-524B-403C-9B58-6FC96371E33A}.Release|Any CPU.ActiveCfg = Release|Any CPU
		{3F4A1D13-524B-403C-9B58-6FC96371E33A}.Release|Any CPU.Build.0 = Release|Any CPU
		{3463B983-5787-46B2-A029-76C841026E03}.Debug|Any CPU.ActiveCfg = Debug|Any CPU
		{3463B983-5787-46B2-A029-76C841026E03}.Debug|Any CPU.Build.0 = Debug|Any CPU
		{3463B983-5787-46B2-A029-76C841026E03}.Release|Any CPU.ActiveCfg = Release|Any CPU
		{3463B983-5787-46B2-A029-76C841026E03}.Release|Any CPU.Build.0 = Release|Any CPU
	EndGlobalSection
	GlobalSection(SolutionProperties) = preSolution
		HideSolutionNode = FALSE
	EndGlobalSection
	GlobalSection(NestedProjects) = preSolution
		{3463B983-5787-46B2-A029-76C841026E03} = {6DFC1FDE-435C-4DC6-AD4F-163B0FBB1CB2}
	EndGlobalSection
	GlobalSection(ExtensibilityGlobals) = postSolution
		SolutionGuid = {6CC225C5-075F-4263-8643-C75DE4474106}
	EndGlobalSection
EndGlobal
